
Microsoft Visual Studio Solution File, Format Version 12.00
# Visual Studio Version 16
VisualStudioVersion = 16.0.30611.23
MinimumVisualStudioVersion = 10.0.40219.1
Project("{FAE04EC0-301F-11D3-BF4B-00C04F79EFBC}") = "ConsoleApp2", "ConsoleApp2\ConsoleApp2.csproj", "{4DD996C7-3743-41BE-87A1-C54F2D79C87B}"
EndProject
Global
	GlobalSection(SolutionConfigurationPlatforms) = preSolution
		Debug|Any CPU = Debug|Any CPU
		Release|Any CPU = Release|Any CPU
	EndGlobalSection
	GlobalSection(ProjectConfigurationPlatforms) = postSolution
		{4DD996C7-3743-41BE-87A1-C54F2D79C87B}.Debug|Any CPU.ActiveCfg = Debug|Any CPU
		{4DD996C7-3743-41BE-87A1-C54F2D79C87B}.Debug|Any CPU.Build.0 = Debug|Any CPU
		{4DD996C7-3743-41BE-87A1-C54F2D79C87B}.Release|Any CPU.ActiveCfg = Release|Any CPU
		{4DD996C7-3743-41BE-87A1-C54F2D79C87B}.Release|Any CPU.Build.0 = Release|Any CPU
	EndGlobalSection
	GlobalSection(SolutionProperties) = preSolution
		HideSolutionNode = FALSE
	EndGlobalSection
	GlobalSection(ExtensibilityGlobals) = postSolution
		SolutionGuid = {8B6B4054-8527-4B36-8E55-BC34B0BE72ED}
	EndGlobalSection
EndGlobal
